<?xml version="1.0" encoding="UTF-8" standalone="yes" ?>
<CodeBlocks_project_file>
	<FileVersion major="1" minor="6" />
	<Project>
		<Option title="CallingLuaFromC_1" />
		<Option pch_mode="2" />
		<Option compiler="gcc" />
		<Build>
			<Target title="Debug">
				<Option output="bin/Debug/CallingLuaFromC_1" prefix_auto="1" extension_auto="1" />
				<Option object_output="obj/Debug/" />
				<Option type="1" />
				<Option compiler="gcc" />
				<Compiler>
					<Add option="-g" />
				</Compiler>
			</Target>
			<Target title="Release">
				<Option output="bin/Release/CallingLuaFromC_1" prefix_auto="1" extension_auto="1" />
				<Option object_output="obj/Release/" />
				<Option type="1" />
				<Option compiler="gcc" />
				<Compiler>
					<Add option="-O2" />
				</Compiler>
				<Linker>
					<Add option="-s" />
				</Linker>
			</Target>
		</Build>
		<Compiler>
			<Add option="-Wall" />
		</Compiler>
		<Unit filename="lua_src/Makefile" />
		<Unit filename="lua_src/lapi.c">
			<Option compilerVar="CC" />
		</Unit>
		<Unit filename="lua_src/lapi.h" />
		<Unit filename="lua_src/lauxlib.c">
			<Option compilerVar="CC" />
		</Unit>
		<Unit filename="lua_src/lauxlib.h" />
		<Unit filename="lua_src/lbaselib.c">
			<Option compilerVar="CC" />
		</Unit>
		<Unit filename="lua_src/lbitlib.c">
			<Option compilerVar="CC" />
		</Unit>
		<Unit filename="lua_src/lcode.c">
			<Option compilerVar="CC" />
		</Unit>
		<Unit filename="lua_src/lcode.h" />
		<Unit filename="lua_src/lcorolib.c">
			<Option compilerVar="CC" />
		</Unit>
		<Unit filename="lua_src/lctype.c">
			<Option compilerVar="CC" />
		</Unit>
		<Unit filename="lua_src/lctype.h" />
		<Unit filename="lua_src/ldblib.c">
			<Option compilerVar="CC" />
		</Unit>
		<Unit filename="lua_src/ldebug.c">
			<Option compilerVar="CC" />
		</Unit>
		<Unit filename="lua_src/ldebug.h" />
		<Unit filename="lua_src/ldo.c">
			<Option compilerVar="CC" />
		</Unit>
		<Unit filename="lua_src/ldo.h" />
		<Unit filename="lua_src/ldump.c">
			<Option compilerVar="CC" />
		</Unit>
		<Unit filename="lua_src/lfunc.c">
			<Option compilerVar="CC" />
		</Unit>
		<Unit filename="lua_src/lfunc.h" />
		<Unit filename="lua_src/lgc.c">
			<Option compilerVar="CC" />
		</Unit>
		<Unit filename="lua_src/lgc.h" />
		<Unit filename="lua_src/linit.c">
			<Option compilerVar="CC" />
		</Unit>
		<Unit filename="lua_src/liolib.c">
			<Option compilerVar="CC" />
		</Unit>
		<Unit filename="lua_src/llex.c">
			<Option compilerVar="CC" />
		</Unit>
		<Unit filename="lua_src/llex.h" />
		<Unit filename="lua_src/llimits.h" />
		<Unit filename="lua_src/lmathlib.c">
			<Option compilerVar="CC" />
		</Unit>
		<Unit filename="lua_src/lmem.c">
			<Option compilerVar="CC" />
		</Unit>
		<Unit filename="lua_src/lmem.h" />
		<Unit filename="lua_src/loadlib.c">
			<Option compilerVar="CC" />
		</Unit>
		<Unit filename="lua_src/lobject.c">
			<Option compilerVar="CC" />
		</Unit>
		<Unit filename="lua_src/lobject.h" />
		<Unit filename="lua_src/lopcodes.c">
			<Option compilerVar="CC" />
		</Unit>
		<Unit filename="lua_src/lopcodes.h" />
		<Unit filename="lua_src/loslib.c">
			<Option compilerVar="CC" />
		</Unit>
		<Unit filename="lua_src/lparser.c">
			<Option compilerVar="CC" />
		</Unit>
		<Unit filename="lua_src/lparser.h" />
		<Unit filename="lua_src/lprefix.h" />
		<Unit filename="lua_src/lstate.c">
			<Option compilerVar="CC" />
		</Unit>
		<Unit filename="lua_src/lstate.h" />
		<Unit filename="lua_src/lstring.c">
			<Option compilerVar="CC" />
		</Unit>
		<Unit filename="lua_src/lstring.h" />
		<Unit filename="lua_src/lstrlib.c">
			<Option compilerVar="CC" />
		</Unit>
		<Unit filename="lua_src/ltable.c">
			<Option compilerVar="CC" />
		</Unit>
		<Unit filename="lua_src/ltable.h" />
		<Unit filename="lua_src/ltablib.c">
			<Option compilerVar="CC" />
		</Unit>
		<Unit filename="lua_src/ltm.c">
			<Option compilerVar="CC" />
		</Unit>
		<Unit filename="lua_src/ltm.h" />
		<Unit filename="lua_src/lua.c">
			<Option compilerVar="CC" />
		</Unit>
		<Unit filename="lua_src/lua.h" />
		<Unit filename="lua_src/lua.hpp" />
		<Unit filename="lua_src/luac.c">
			<Option compilerVar="CC" />
		</Unit>
		<Unit filename="lua_src/luaconf.h" />
		<Unit filename="lua_src/lualib.h" />
		<Unit filename="lua_src/lundump.c">
			<Option compilerVar="CC" />
		</Unit>
		<Unit filename="lua_src/lundump.h" />
		<Unit filename="lua_src/lutf8lib.c">
			<Option compilerVar="CC" />
		</Unit>
		<Unit filename="lua_src/lvm.c">
			<Option compilerVar="CC" />
		</Unit>
		<Unit filename="lua_src/lvm.h" />
		<Unit filename="lua_src/lzio.c">
			<Option compilerVar="CC" />
		</Unit>
		<Unit filename="lua_src/lzio.h" />
		<Unit filename="main.c">
			<Option compilerVar="CC" />
		</Unit>
		<Unit filename="test.lua" />
		<Extensions>
			<code_completion />
			<envvars />
			<debugger />
			<lib_finder disable_auto="1" />
		</Extensions>
	</Project>
</CodeBlocks_project_file>
